{
  "name": "rustnote-site",
  "lockfileVersion": 2,
  "requires": true,
  "packages": {
    "": {
      "dependencies": {
        "monaco-editor": "^0.28.0"
      }
    },
    "node_modules/monaco-editor": {
      "version": "0.28.0",
      "resolved": "https://registry.npmjs.org/monaco-editor/-/monaco-editor-0.28.0.tgz",
      "integrity": "sha512-Mo0Mn2rZubXqjiy8AUs/0hGnY2y3oc4UPAP2hgVqrMX0E5Np9aCCz+BeHKzkl4D3n6xeR7mB4JuvOumD5kwC/A=="
    }
  },
  "dependencies": {
    "monaco-editor": {
      "version": "0.28.0",
      "resolved": "https://registry.npmjs.org/monaco-editor/-/monaco-editor-0.28.0.tgz",
      "integrity": "sha512-Mo0Mn2rZubXqjiy8AUs/0hGnY2y3oc4UPAP2hgVqrMX0E5Np9aCCz+BeHKzkl4D3n6xeR7mB4JuvOumD5kwC/A=="
    }
  }
}
